
Microsoft Visual Studio Solution File, Format Version 12.00
# Visual Studio Version 17
VisualStudioVersion = 17.5.002.0
MinimumVisualStudioVersion = 10.0.40219.1
Project("{9A19103F-16F7-4668-BE54-9A1E7A4F7556}") = "DesafioPOO", "DesafioPOO.csproj", "{BBCF2EDF-E123-45FC-A78F-2DFF649B38BE}"
EndProject
Global
	GlobalSection(SolutionConfigurationPlatforms) = preSolution
		Debug|Any CPU = Debug|Any CPU
		Release|Any CPU = Release|Any CPU
	EndGlobalSection
	GlobalSection(ProjectConfigurationPlatforms) = postSolution
		{BBCF2EDF-E123-45FC-A78F-2DFF649B38BE}.Debug|Any CPU.ActiveCfg = Debug|Any CPU
		{BBCF2EDF-E123-45FC-A78F-2DFF649B38BE}.Debug|Any CPU.Build.0 = Debug|Any CPU
		{BBCF2EDF-E123-45FC-A78F-2DFF649B38BE}.Release|Any CPU.ActiveCfg = Release|Any CPU
		{BBCF2EDF-E123-45FC-A78F-2DFF649B38BE}.Release|Any CPU.Build.0 = Release|Any CPU
	EndGlobalSection
	GlobalSection(SolutionProperties) = preSolution
		HideSolutionNode = FALSE
	EndGlobalSection
	GlobalSection(ExtensibilityGlobals) = postSolution
		SolutionGuid = {83FA2A93-8EF8-46EF-8E6A-4DCC98E163F0}
	EndGlobalSection
EndGlobal
